
Microsoft Visual Studio Solution File, Format Version 12.00
# Visual Studio Version 17
VisualStudioVersion = 17.3.32929.385
MinimumVisualStudioVersion = 10.0.40219.1
Project("{FAE04EC0-301F-11D3-BF4B-00C04F79EFBC}") = "giorni mese esercizio", "giorni mese esercizio\giorni mese esercizio.csproj", "{FAB5156B-94CE-44C1-B651-4B856AC6B83F}"
EndProject
Global
	GlobalSection(SolutionConfigurationPlatforms) = preSolution
		Debug|Any CPU = Debug|Any CPU
		Release|Any CPU = Release|Any CPU
	EndGlobalSection
	GlobalSection(ProjectConfigurationPlatforms) = postSolution
		{FAB5156B-94CE-44C1-B651-4B856AC6B83F}.Debug|Any CPU.ActiveCfg = Debug|Any CPU
		{FAB5156B-94CE-44C1-B651-4B856AC6B83F}.Debug|Any CPU.Build.0 = Debug|Any CPU
		{FAB5156B-94CE-44C1-B651-4B856AC6B83F}.Release|Any CPU.ActiveCfg = Release|Any CPU
		{FAB5156B-94CE-44C1-B651-4B856AC6B83F}.Release|Any CPU.Build.0 = Release|Any CPU
	EndGlobalSection
	GlobalSection(SolutionProperties) = preSolution
		HideSolutionNode = FALSE
	EndGlobalSection
	GlobalSection(ExtensibilityGlobals) = postSolution
		SolutionGuid = {72599624-ADBE-457D-AE07-C55F20958BFA}
	EndGlobalSection
EndGlobal
